dependencies:
  '@rush-temp/projecta': 'file:projects/projecta.tgz'
  '@rush-temp/projectb': 'file:projects/projectb.tgz'
lockfileVersion: 5
packages:
  'file:projects/projecta.tgz':
    dev: false
    name: '@rush-temp/projecta'
    resolution:
      integrity: sha512-T+3OxurzILOSGtHMdqp5cGfC2tdcqzMBGEUKp7xCX1Ng+6pB3MGkNlRfqwM4F0kDY2QAf9IabIjI2U7Sh2Mx8g==
      tarball: 'file:projects/projecta.tgz'
    version: 0.0.0
  'file:projects/projectb.tgz':
    dev: false
    name: '@rush-temp/projectb'
    resolution:
      integrity: sha512-DbEiTVA4ozU3Ggxupk3bAJrdbsEmKf26zmthk2gcwAQwgrQaxkQ8j4MHimMyHhdSKB+Dr8658iRZzZDC1uGpwg==
      tarball: 'file:projects/projectb.tgz'
    version: 0.0.0
registry: ''
specifiers:
  '@rush-temp/projecta': 'file:./projects/projecta.tgz'
  '@rush-temp/projectb': 'file:./projects/projectb.tgz'
